
Microsoft Visual Studio Solution File, Format Version 12.00
# Visual Studio 15
Project("{FAE04EC0-301F-11D3-BF4B-00C04F79EFBC}") = "ScriptAndShaders", "ScriptAndShaders.csproj", "{40C8BA0F-288F-88E8-1221-777D6A879EA0}"
EndProject
Project("{FAE04EC0-301F-11D3-BF4B-00C04F79EFBC}") = "ScriptAndShaders.Editor", "ScriptAndShaders.Editor.csproj", "{6FE93FF3-6EFE-EC5F-F598-134CAA9DFB49}"
EndProject
Global
	GlobalSection(SolutionConfigurationPlatforms) = preSolution
		Debug|Any CPU = Debug|Any CPU
		Release|Any CPU = Release|Any CPU
	EndGlobalSection
	GlobalSection(ProjectConfigurationPlatforms) = postSolution
		{40C8BA0F-288F-88E8-1221-777D6A879EA0}.Debug|Any CPU.ActiveCfg = Debug|Any CPU
		{40C8BA0F-288F-88E8-1221-777D6A879EA0}.Debug|Any CPU.Build.0 = Debug|Any CPU
		{40C8BA0F-288F-88E8-1221-777D6A879EA0}.Release|Any CPU.ActiveCfg = Release|Any CPU
		{40C8BA0F-288F-88E8-1221-777D6A879EA0}.Release|Any CPU.Build.0 = Release|Any CPU
		{6FE93FF3-6EFE-EC5F-F598-134CAA9DFB49}.Debug|Any CPU.ActiveCfg = Debug|Any CPU
		{6FE93FF3-6EFE-EC5F-F598-134CAA9DFB49}.Debug|Any CPU.Build.0 = Debug|Any CPU
		{6FE93FF3-6EFE-EC5F-F598-134CAA9DFB49}.Release|Any CPU.ActiveCfg = Release|Any CPU
		{6FE93FF3-6EFE-EC5F-F598-134CAA9DFB49}.Release|Any CPU.Build.0 = Release|Any CPU
	EndGlobalSection
	GlobalSection(SolutionProperties) = preSolution
		HideSolutionNode = FALSE
	EndGlobalSection
EndGlobal
